
Microsoft Visual Studio Solution File, Format Version 12.00
# Visual Studio Version 16
VisualStudioVersion = 16.0.31729.503
MinimumVisualStudioVersion = 10.0.40219.1
Project("{FAE04EC0-301F-11D3-BF4B-00C04F79EFBC}") = "ProjectZavod", "ProjectZavod\ProjectZavod.csproj", "{660012ED-D3D6-40BA-A5CC-4E3BCDF3B9AB}"
EndProject
Global
	GlobalSection(SolutionConfigurationPlatforms) = preSolution
		Debug|Any CPU = Debug|Any CPU
		Release|Any CPU = Release|Any CPU
	EndGlobalSection
	GlobalSection(ProjectConfigurationPlatforms) = postSolution
		{660012ED-D3D6-40BA-A5CC-4E3BCDF3B9AB}.Debug|Any CPU.ActiveCfg = Debug|Any CPU
		{660012ED-D3D6-40BA-A5CC-4E3BCDF3B9AB}.Debug|Any CPU.Build.0 = Debug|Any CPU
		{660012ED-D3D6-40BA-A5CC-4E3BCDF3B9AB}.Release|Any CPU.ActiveCfg = Release|Any CPU
		{660012ED-D3D6-40BA-A5CC-4E3BCDF3B9AB}.Release|Any CPU.Build.0 = Release|Any CPU
	EndGlobalSection
	GlobalSection(SolutionProperties) = preSolution
		HideSolutionNode = FALSE
	EndGlobalSection
	GlobalSection(ExtensibilityGlobals) = postSolution
		SolutionGuid = {7F113251-6A2B-4886-8131-A73ADC6E8216}
	EndGlobalSection
EndGlobal
